
Microsoft Visual Studio Solution File, Format Version 12.00
# Visual Studio Version 16
VisualStudioVersion = 16.0.29411.108
MinimumVisualStudioVersion = 10.0.40219.1
Project("{8BC9CEB8-8B4A-11D0-8D11-00A0C91BC942}") = "TextuteLoader", "TextuteLoader\TextuteLoader.vcxproj", "{F1DFE6FC-E3AD-4914-BC2F-D37D38BD10ED}"
EndProject
Global
	GlobalSection(SolutionConfigurationPlatforms) = preSolution
		Debug|x64 = Debug|x64
		Debug|x86 = Debug|x86
		Release|x64 = Release|x64
		Release|x86 = Release|x86
	EndGlobalSection
	GlobalSection(ProjectConfigurationPlatforms) = postSolution
		{F1DFE6FC-E3AD-4914-BC2F-D37D38BD10ED}.Debug|x64.ActiveCfg = Debug|x64
		{F1DFE6FC-E3AD-4914-BC2F-D37D38BD10ED}.Debug|x64.Build.0 = Debug|x64
		{F1DFE6FC-E3AD-4914-BC2F-D37D38BD10ED}.Debug|x86.ActiveCfg = Debug|Win32
		{F1DFE6FC-E3AD-4914-BC2F-D37D38BD10ED}.Debug|x86.Build.0 = Debug|Win32
		{F1DFE6FC-E3AD-4914-BC2F-D37D38BD10ED}.Release|x64.ActiveCfg = Release|x64
		{F1DFE6FC-E3AD-4914-BC2F-D37D38BD10ED}.Release|x64.Build.0 = Release|x64
		{F1DFE6FC-E3AD-4914-BC2F-D37D38BD10ED}.Release|x86.ActiveCfg = Release|Win32
		{F1DFE6FC-E3AD-4914-BC2F-D37D38BD10ED}.Release|x86.Build.0 = Release|Win32
	EndGlobalSection
	GlobalSection(SolutionProperties) = preSolution
		HideSolutionNode = FALSE
	EndGlobalSection
	GlobalSection(ExtensibilityGlobals) = postSolution
		SolutionGuid = {0B800ADE-8819-4E67-A81C-54B02A441BA2}
	EndGlobalSection
EndGlobal
